
Microsoft Visual Studio Solution File, Format Version 10.00
# Visual Studio 2008
Project("{FAE04EC0-301F-11D3-BF4B-00C04F79EFBC}") = "AlteraScriptCriacao", "AlteraScriptCriacao\AlteraScriptCriacao.csproj", "{95D796D8-C29A-42ED-B5AC-FD9B69AD0DCE}"
EndProject
Global
	GlobalSection(SolutionConfigurationPlatforms) = preSolution
		Debug|Any CPU = Debug|Any CPU
		Release|Any CPU = Release|Any CPU
	EndGlobalSection
	GlobalSection(ProjectConfigurationPlatforms) = postSolution
		{95D796D8-C29A-42ED-B5AC-FD9B69AD0DCE}.Debug|Any CPU.ActiveCfg = Debug|Any CPU
		{95D796D8-C29A-42ED-B5AC-FD9B69AD0DCE}.Debug|Any CPU.Build.0 = Debug|Any CPU
		{95D796D8-C29A-42ED-B5AC-FD9B69AD0DCE}.Release|Any CPU.ActiveCfg = Release|Any CPU
		{95D796D8-C29A-42ED-B5AC-FD9B69AD0DCE}.Release|Any CPU.Build.0 = Release|Any CPU
	EndGlobalSection
	GlobalSection(SolutionProperties) = preSolution
		HideSolutionNode = FALSE
	EndGlobalSection
EndGlobal
