
Microsoft Visual Studio Solution File, Format Version 10.00
# Visual Studio 2008
Project("{FAE04EC0-301F-11D3-BF4B-00C04F79EFBC}") = "LoadProcedures", "LoadProcedures\LoadProcedures.csproj", "{BAF9D19F-CF92-4BE8-9923-5CED58EA58C6}"
EndProject
Project("{FAE04EC0-301F-11D3-BF4B-00C04F79EFBC}") = "How to use", "How to use\How to use.csproj", "{C07F1F71-3705-4E4C-80CF-1C170A68E88C}"
EndProject
Global
	GlobalSection(SolutionConfigurationPlatforms) = preSolution
		Debug|Any CPU = Debug|Any CPU
		Release|Any CPU = Release|Any CPU
	EndGlobalSection
	GlobalSection(ProjectConfigurationPlatforms) = postSolution
		{BAF9D19F-CF92-4BE8-9923-5CED58EA58C6}.Debug|Any CPU.ActiveCfg = Debug|Any CPU
		{BAF9D19F-CF92-4BE8-9923-5CED58EA58C6}.Debug|Any CPU.Build.0 = Debug|Any CPU
		{BAF9D19F-CF92-4BE8-9923-5CED58EA58C6}.Release|Any CPU.ActiveCfg = Release|Any CPU
		{BAF9D19F-CF92-4BE8-9923-5CED58EA58C6}.Release|Any CPU.Build.0 = Release|Any CPU
		{C07F1F71-3705-4E4C-80CF-1C170A68E88C}.Debug|Any CPU.ActiveCfg = Debug|Any CPU
		{C07F1F71-3705-4E4C-80CF-1C170A68E88C}.Debug|Any CPU.Build.0 = Debug|Any CPU
		{C07F1F71-3705-4E4C-80CF-1C170A68E88C}.Release|Any CPU.ActiveCfg = Release|Any CPU
		{C07F1F71-3705-4E4C-80CF-1C170A68E88C}.Release|Any CPU.Build.0 = Release|Any CPU
	EndGlobalSection
	GlobalSection(SolutionProperties) = preSolution
		HideSolutionNode = FALSE
	EndGlobalSection
EndGlobal
